
Microsoft Visual Studio Solution File, Format Version 12.00
# Visual Studio 2012
Project("{FAE04EC0-301F-11D3-BF4B-00C04F79EFBC}") = "ConsoleApplicationSort", "ConsoleApplicationSort\ConsoleApplicationSort.csproj", "{63207B9F-65B8-4DD7-8C27-8845EEFBA6BF}"
EndProject
Global
	GlobalSection(SolutionConfigurationPlatforms) = preSolution
		Debug|Any CPU = Debug|Any CPU
		Release|Any CPU = Release|Any CPU
	EndGlobalSection
	GlobalSection(ProjectConfigurationPlatforms) = postSolution
		{63207B9F-65B8-4DD7-8C27-8845EEFBA6BF}.Debug|Any CPU.ActiveCfg = Debug|Any CPU
		{63207B9F-65B8-4DD7-8C27-8845EEFBA6BF}.Debug|Any CPU.Build.0 = Debug|Any CPU
		{63207B9F-65B8-4DD7-8C27-8845EEFBA6BF}.Release|Any CPU.ActiveCfg = Release|Any CPU
		{63207B9F-65B8-4DD7-8C27-8845EEFBA6BF}.Release|Any CPU.Build.0 = Release|Any CPU
	EndGlobalSection
	GlobalSection(SolutionProperties) = preSolution
		HideSolutionNode = FALSE
	EndGlobalSection
EndGlobal
